// !$*UTF8*$!
{
	archiveVersion = 1;
	classes = {
	};
	objectVersion = 50;
	objects = {

/* Begin PBXBuildFile section */
		D69C426E24DAAD09008C961F /* AppDelegate.swift in Sources */ = {isa = PBXBuildFile; fileRef = D69C426D24DAAD09008C961F /* AppDelegate.swift */; };
		D69C427024DAAD09008C961F /* SceneDelegate.swift in Sources */ = {isa = PBXBuildFile; fileRef = D69C426F24DAAD09008C961F /* SceneDelegate.swift */; };
		D69C427224DAAD09008C961F /* ViewController.swift in Sources */ = {isa = PBXBuildFile; fileRef = D69C427124DAAD09008C961F /* ViewController.swift */; };
		D69C427524DAAD09008C961F /* Main.storyboard in Resources */ = {isa = PBXBuildFile; fileRef = D69C427324DAAD09008C961F /* Main.storyboard */; };
		D69C427724DAAD0A008C961F /* Assets.xcassets in Resources */ = {isa = PBXBuildFile; fileRef = D69C427624DAAD0A008C961F /* Assets.xcassets */; };
		D69C427A24DAAD0A008C961F /* LaunchScreen.storyboard in Resources */ = {isa = PBXBuildFile; fileRef = D69C427824DAAD0A008C961F /* LaunchScreen.storyboard */; };
		D69C428524DAAD0A008C961F /* SampleAppTests.swift in Sources */ = {isa = PBXBuildFile; fileRef = D69C428424DAAD0A008C961F /* SampleAppTests.swift */; };
		D69C429024DAADE0008C961F /* MyModel.swift in Sources */ = {isa = PBXBuildFile; fileRef = D69C428F24DAADE0008C961F /* MyModel.swift */; };
/* End PBXBuildFile section */

/* Begin PBXContainerItemProxy section */
		D69C428124DAAD0A008C961F /* PBXContainerItemProxy */ = {
			isa = PBXContainerItemProxy;
			containerPortal = D69C426224DAAD09008C961F /* Project object */;
			proxyType = 1;
			remoteGlobalIDString = D69C426924DAAD09008C961F;
			remoteInfo = SampleApp;
		};
/* End PBXContainerItemProxy section */

/* Begin PBXFileReference section */
		D69C426A24DAAD09008C961F /* SampleApp.app */ = {isa = PBXFileReference; explicitFileType = wrapper.application; includeInIndex = 0; path = SampleApp.app; sourceTree = BUILT_PRODUCTS_DIR; };
		D69C426D24DAAD09008C961F /* AppDelegate.swift */ = {isa = PBXFileReference; lastKnownFileType = sourcecode.swift; path = AppDelegate.swift; sourceTree = "<group>"; };
		D69C426F24DAAD09008C961F /* SceneDelegate.swift */ = {isa = PBXFileReference; lastKnownFileType = sourcecode.swift; path = SceneDelegate.swift; sourceTree = "<group>"; };
		D69C427124DAAD09008C961F /* ViewController.swift */ = {isa = PBXFileReference; lastKnownFileType = sourcecode.swift; path = ViewController.swift; sourceTree = "<group>"; };
		D69C427424DAAD09008C961F /* Base */ = {isa = PBXFileReference; lastKnownFileType = file.storyboard; name = Base; path = Base.lproj/Main.storyboard; sourceTree = "<group>"; };
		D69C427624DAAD0A008C961F /* Assets.xcassets */ = {isa = PBXFileReference; lastKnownFileType = folder.assetcatalog; path = Assets.xcassets; sourceTree = "<group>"; };
		D69C427924DAAD0A008C961F /* Base */ = {isa = PBXFileReference; lastKnownFileType = file.storyboard; name = Base; path = Base.lproj/LaunchScreen.storyboard; sourceTree = "<group>"; };
		D69C427B24DAAD0A008C961F /* Info.plist */ = {isa = PBXFileReference; lastKnownFileType = text.plist.xml; path = Info.plist; sourceTree = "<group>"; };
		D69C428024DAAD0A008C961F /* SampleAppTests.xctest */ = {isa = PBXFileReference; explicitFileType = wrapper.cfbundle; includeInIndex = 0; path = SampleAppTests.xctest; sourceTree = BUILT_PRODUCTS_DIR; };
		D69C428424DAAD0A008C961F /* SampleAppTests.swift */ = {isa = PBXFileReference; lastKnownFileType = sourcecode.swift; path = SampleAppTests.swift; sourceTree = "<group>"; };
		D69C428624DAAD0A008C961F /* Info.plist */ = {isa = PBXFileReference; lastKnownFileType = text.plist.xml; path = Info.plist; sourceTree = "<group>"; };
		D69C428F24DAADE0008C961F /* MyModel.swift */ = {isa = PBXFileReference; lastKnownFileType = sourcecode.swift; path = MyModel.swift; sourceTree = "<group>"; };
/* End PBXFileReference section */

/* Begin PBXFrameworksBuildPhase section */
		D69C426724DAAD09008C961F /* Frameworks */ = {
			isa = PBXFrameworksBuildPhase;
			buildActionMask = 2147483647;
			files = (
			);
			runOnlyForDeploymentPostprocessing = 0;
		};
		D69C427D24DAAD0A008C961F /* Frameworks */ = {
			isa = PBXFrameworksBuildPhase;
			buildActionMask = 2147483647;
			files = (
			);
			runOnlyForDeploymentPostprocessing = 0;
		};
/* End PBXFrameworksBuildPhase section */

/* Begin PBXGroup section */
		D69C426124DAAD09008C961F = {
			isa = PBXGroup;
			children = (
				D69C426C24DAAD09008C961F /* SampleApp */,
				D69C428324DAAD0A008C961F /* SampleAppTests */,
				D69C426B24DAAD09008C961F /* Products */,
			);
			sourceTree = "<group>";
		};
		D69C426B24DAAD09008C961F /* Products */ = {
			isa = PBXGroup;
			children = (
				D69C426A24DAAD09008C961F /* SampleApp.app */,
				D69C428024DAAD0A008C961F /* SampleAppTests.xctest */,
			);
			name = Products;
			sourceTree = "<group>";
		};
		D69C426C24DAAD09008C961F /* SampleApp */ = {
			isa = PBXGroup;
			children = (
				D69C426D24DAAD09008C961F /* AppDelegate.swift */,
				D69C426F24DAAD09008C961F /* SceneDelegate.swift */,
				D69C428F24DAADE0008C961F /* MyModel.swift */,
				D69C427124DAAD09008C961F /* ViewController.swift */,
				D69C427324DAAD09008C961F /* Main.storyboard */,
				D69C427624DAAD0A008C961F /* Assets.xcassets */,
				D69C427824DAAD0A008C961F /* LaunchScreen.storyboard */,
				D69C427B24DAAD0A008C961F /* Info.plist */,
			);
			path = SampleApp;
			sourceTree = "<group>";
		};
		D69C428324DAAD0A008C961F /* SampleAppTests */ = {
			isa = PBXGroup;
			children = (
				D69C428424DAAD0A008C961F /* SampleAppTests.swift */,
				D69C428624DAAD0A008C961F /* Info.plist */,
			);
			path = SampleAppTests;
			sourceTree = "<group>";
		};
/* End PBXGroup section */

/* Begin PBXNativeTarget section */
		D69C426924DAAD09008C961F /* SampleApp */ = {
			isa = PBXNativeTarget;
			buildConfigurationList = D69C428924DAAD0A008C961F /* Build configuration list for PBXNativeTarget "SampleApp" */;
			buildPhases = (
				D69C426624DAAD09008C961F /* Sources */,
				D69C426724DAAD09008C961F /* Frameworks */,
				D69C426824DAAD09008C961F /* Resources */,
			);
			buildRules = (
			);
			dependencies = (
			);
			name = SampleApp;
			productName = SampleApp;
			productReference = D69C426A24DAAD09008C961F /* SampleApp.app */;
			productType = "com.apple.product-type.application";
		};
		D69C427F24DAAD0A008C961F /* SampleAppTests */ = {
			isa = PBXNativeTarget;
			buildConfigurationList = D69C428C24DAAD0A008C961F /* Build configuration list for PBXNativeTarget "SampleAppTests" */;
			buildPhases = (
				D69C427C24DAAD0A008C961F /* Sources */,
				D69C427D24DAAD0A008C961F /* Frameworks */,
				D69C427E24DAAD0A008C961F /* Resources */,
			);
			buildRules = (
			);
			dependencies = (
				D69C428224DAAD0A008C961F /* PBXTargetDependency */,
			);
			name = SampleAppTests;
			productName = SampleAppTests;
			productReference = D69C428024DAAD0A008C961F /* SampleAppTests.xctest */;
			productType = "com.apple.product-type.bundle.unit-test";
		};
/* End PBXNativeTarget section */

/* Begin PBXProject section */
		D69C426224DAAD09008C961F /* Project object */ = {
			isa = PBXProject;
			attributes = {
				LastSwiftUpdateCheck = 1160;
				LastUpgradeCheck = 1160;
				ORGANIZATIONNAME = "Rajesh Ramachandrakurup";
				TargetAttributes = {
					D69C426924DAAD09008C961F = {
						CreatedOnToolsVersion = 11.6;
					};
					D69C427F24DAAD0A008C961F = {
						CreatedOnToolsVersion = 11.6;
						TestTargetID = D69C426924DAAD09008C961F;
					};
				};
			};
			buildConfigurationList = D69C426524DAAD09008C961F /* Build configuration list for PBXProject "SampleApp" */;
			compatibilityVersion = "Xcode 9.3";
			developmentRegion = en;
			hasScannedForEncodings = 0;
			knownRegions = (
				en,
				Base,
			);
			mainGroup = D69C426124DAAD09008C961F;
			productRefGroup = D69C426B24DAAD09008C961F /* Products */;
			projectDirPath = "";
			projectRoot = "";
			targets = (
				D69C426924DAAD09008C961F /* SampleApp */,
				D69C427F24DAAD0A008C961F /* SampleAppTests */,
			);
		};
/* End PBXProject section */

/* Begin PBXResourcesBuildPhase section */
		D69C426824DAAD09008C961F /* Resources */ = {
			isa = PBXResourcesBuildPhase;
			buildActionMask = 2147483647;
			files = (
				D69C427A24DAAD0A008C961F /* LaunchScreen.storyboard in Resources */,
				D69C427724DAAD0A008C961F /* Assets.xcassets in Resources */,
				D69C427524DAAD09008C961F /* Main.storyboard in Resources */,
			);
			runOnlyForDeploymentPostprocessing = 0;
		};
		D69C427E24DAAD0A008C961F /* Resources */ = {
			isa = PBXResourcesBuildPhase;
			buildActionMask = 2147483647;
			files = (
			);
			runOnlyForDeploymentPostprocessing = 0;
		};
/* End PBXResourcesBuildPhase section */

/* Begin PBXSourcesBuildPhase section */
		D69C426624DAAD09008C961F /* Sources */ = {
			isa = PBXSourcesBuildPhase;
			buildActionMask = 2147483647;
			files = (
				D69C427224DAAD09008C961F /* ViewController.swift in Sources */,
				D69C426E24DAAD09008C961F /* AppDelegate.swift in Sources */,
				D69C427024DAAD09008C961F /* SceneDelegate.swift in Sources */,
				D69C429024DAADE0008C961F /* MyModel.swift in Sources */,
			);
			runOnlyForDeploymentPostprocessing = 0;
		};
		D69C427C24DAAD0A008C961F /* Sources */ = {
			isa = PBXSourcesBuildPhase;
			buildActionMask = 2147483647;
			files = (
				D69C428524DAAD0A008C961F /* SampleAppTests.swift in Sources */,
			);
			runOnlyForDeploymentPostprocessing = 0;
		};
/* End PBXSourcesBuildPhase section */

/* Begin PBXTargetDependency section */
		D69C428224DAAD0A008C961F /* PBXTargetDependency */ = {
			isa = PBXTargetDependency;
			target = D69C426924DAAD09008C961F /* SampleApp */;
			targetProxy = D69C428124DAAD0A008C961F /* PBXContainerItemProxy */;
		};
/* End PBXTargetDependency section */

/* Begin PBXVariantGroup section */
		D69C427324DAAD09008C961F /* Main.storyboard */ = {
			isa = PBXVariantGroup;
			children = (
				D69C427424DAAD09008C961F /* Base */,
			);
			name = Main.storyboard;
			sourceTree = "<group>";
		};
		D69C427824DAAD0A008C961F /* LaunchScreen.storyboard */ = {
			isa = PBXVariantGroup;
			children = (
				D69C427924DAAD0A008C961F /* Base */,
			);
			name = LaunchScreen.storyboard;
			sourceTree = "<group>";
		};
/* End PBXVariantGroup section */

/* Begin XCBuildConfiguration section */
		D69C428724DAAD0A008C961F /* Debug */ = {
			isa = XCBuildConfiguration;
			buildSettings = {
				ALWAYS_SEARCH_USER_PATHS = NO;
				CLANG_ANALYZER_NONNULL = YES;
				CLANG_ANALYZER_NUMBER_OBJECT_CONVERSION = YES_AGGRESSIVE;
				CLANG_CXX_LANGUAGE_STANDARD = "gnu++14";
				CLANG_CXX_LIBRARY = "libc++";
				CLANG_ENABLE_MODULES = YES;
				CLANG_ENABLE_OBJC_ARC = YES;
				CLANG_ENABLE_OBJC_WEAK = YES;
				CLANG_WARN_BLOCK_CAPTURE_AUTORELEASING = YES;
				CLANG_WARN_BOOL_CONVERSION = YES;
				CLANG_WARN_COMMA = YES;
				CLANG_WARN_CONSTANT_CONVERSION = YES;
				CLANG_WARN_DEPRECATED_OBJC_IMPLEMENTATIONS = YES;
				CLANG_WARN_DIRECT_OBJC_ISA_USAGE = YES_ERROR;
				CLANG_WARN_DOCUMENTATION_COMMENTS = YES;
				CLANG_WARN_EMPTY_BODY = YES;
				CLANG_WARN_ENUM_CONVERSION = YES;
				CLANG_WARN_INFINITE_RECURSION = YES;
				CLANG_WARN_INT_CONVERSION = YES;
				CLANG_WARN_NON_LITERAL_NULL_CONVERSION = YES;
				CLANG_WARN_OBJC_IMPLICIT_RETAIN_SELF = YES;
				CLANG_WARN_OBJC_LITERAL_CONVERSION = YES;
				CLANG_WARN_OBJC_ROOT_CLASS = YES_ERROR;
				CLANG_WARN_RANGE_LOOP_ANALYSIS = YES;
				CLANG_WARN_STRICT_PROTOTYPES = YES;
				CLANG_WARN_SUSPICIOUS_MOVE = YES;
				CLANG_WARN_UNGUARDED_AVAILABILITY = YES_AGGRESSIVE;
				CLANG_WARN_UNREACHABLE_CODE = YES;
				CLANG_WARN__DUPLICATE_METHOD_MATCH = YES;
				COPY_PHASE_STRIP = NO;
				DEBUG_INFORMATION_FORMAT = dwarf;
				ENABLE_STRICT_OBJC_MSGSEND = YES;
				ENABLE_TESTABILITY = YES;
				GCC_C_LANGUAGE_STANDARD = gnu11;
				GCC_DYNAMIC_NO_PIC = NO;
				GCC_NO_COMMON_BLOCKS = YES;
				GCC_OPTIMIZATION_LEVEL = 0;
				GCC_PREPROCESSOR_DEFINITIONS = (
					"DEBUG=1",
					"$(inherited)",
				);
				GCC_WARN_64_TO_32_BIT_CONVERSION = YES;
				GCC_WARN_ABOUT_RETURN_TYPE = YES_ERROR;
				GCC_WARN_UNDECLARED_SELECTOR = YES;
				GCC_WARN_UNINITIALIZED_AUTOS = YES_AGGRESSIVE;
				GCC_WARN_UNUSED_FUNCTION = YES;
				GCC_WARN_UNUSED_VARIABLE = YES;
				IPHONEOS_DEPLOYMENT_TARGET = 13.6;
				MTL_ENABLE_DEBUG_INFO = INCLUDE_SOURCE;
				MTL_FAST_MATH = YES;
				ONLY_ACTIVE_ARCH = YES;
				SDKROOT = iphoneos;
				SWIFT_ACTIVE_COMPILATION_CONDITIONS = DEBUG;
				SWIFT_OPTIMIZATION_LEVEL = "-Onone";
			};
			name = Debug;
		};
		D69C428824DAAD0A008C961F /* Release */ = {
			isa = XCBuildConfiguration;
			buildSettings = {
				ALWAYS_SEARCH_USER_PATHS = NO;
				CLANG_ANALYZER_NONNULL = YES;
				CLANG_ANALYZER_NUMBER_OBJECT_CONVERSION = YES_AGGRESSIVE;
				CLANG_CXX_LANGUAGE_STANDARD = "gnu++14";
				CLANG_CXX_LIBRARY = "libc++";
				CLANG_ENABLE_MODULES = YES;
				CLANG_ENABLE_OBJC_ARC = YES;
				CLANG_ENABLE_OBJC_WEAK = YES;
				CLANG_WARN_BLOCK_CAPTURE_AUTORELEASING = YES;
				CLANG_WARN_BOOL_CONVERSION = YES;
				CLANG_WARN_COMMA = YES;
				CLANG_WARN_CONSTANT_CONVERSION = YES;
				CLANG_WARN_DEPRECATED_OBJC_IMPLEMENTATIONS = YES;
				CLANG_WARN_DIRECT_OBJC_ISA_USAGE = YES_ERROR;
				CLANG_WARN_DOCUMENTATION_COMMENTS = YES;
				CLANG_WARN_EMPTY_BODY = YES;
				CLANG_WARN_ENUM_CONVERSION = YES;
				CLANG_WARN_INFINITE_RECURSION = YES;
				CLANG_WARN_INT_CONVERSION = YES;
				CLANG_WARN_NON_LITERAL_NULL_CONVERSION = YES;
				CLANG_WARN_OBJC_IMPLICIT_RETAIN_SELF = YES;
				CLANG_WARN_OBJC_LITERAL_CONVERSION = YES;
				CLANG_WARN_OBJC_ROOT_CLASS = YES_ERROR;
				CLANG_WARN_RANGE_LOOP_ANALYSIS = YES;
				CLANG_WARN_STRICT_PROTOTYPES = YES;
				CLANG_WARN_SUSPICIOUS_MOVE = YES;
				CLANG_WARN_UNGUARDED_AVAILABILITY = YES_AGGRESSIVE;
				CLANG_WARN_UNREACHABLE_CODE = YES;
				CLANG_WARN__DUPLICATE_METHOD_MATCH = YES;
				COPY_PHASE_STRIP = NO;
				DEBUG_INFORMATION_FORMAT = "dwarf-with-dsym";
				ENABLE_NS_ASSERTIONS = NO;
				ENABLE_STRICT_OBJC_MSGSEND = YES;
				GCC_C_LANGUAGE_STANDARD = gnu11;
				GCC_NO_COMMON_BLOCKS = YES;
				GCC_WARN_64_TO_32_BIT_CONVERSION = YES;
				GCC_WARN_ABOUT_RETURN_TYPE = YES_ERROR;
				GCC_WARN_UNDECLARED_SELECTOR = YES;
				GCC_WARN_UNINITIALIZED_AUTOS = YES_AGGRESSIVE;
				GCC_WARN_UNUSED_FUNCTION = YES;
				GCC_WARN_UNUSED_VARIABLE = YES;
				IPHONEOS_DEPLOYMENT_TARGET = 13.6;
				MTL_ENABLE_DEBUG_INFO = NO;
				MTL_FAST_MATH = YES;
				SDKROOT = iphoneos;
				SWIFT_COMPILATION_MODE = wholemodule;
				SWIFT_OPTIMIZATION_LEVEL = "-O";
				VALIDATE_PRODUCT = YES;
			};
			name = Release;
		};
		D69C428A24DAAD0A008C961F /* Debug */ = {
			isa = XCBuildConfiguration;
			buildSettings = {
				ASSETCATALOG_COMPILER_APPICON_NAME = AppIcon;
				CODE_SIGN_STYLE = Automatic;
				INFOPLIST_FILE = SampleApp/Info.plist;
				LD_RUNPATH_SEARCH_PATHS = (
					"$(inherited)",
					"@executable_path/Frameworks",
				);
				PRODUCT_BUNDLE_IDENTIFIER = idreamdev.SampleApp;
				PRODUCT_NAME = "$(TARGET_NAME)";
				SWIFT_VERSION = 5.0;
				TARGETED_DEVICE_FAMILY = "1,2";
			};
			name = Debug;
		};
		D69C428B24DAAD0A008C961F /* Release */ = {
			isa = XCBuildConfiguration;
			buildSettings = {
				ASSETCATALOG_COMPILER_APPICON_NAME = AppIcon;
				CODE_SIGN_STYLE = Automatic;
				INFOPLIST_FILE = SampleApp/Info.plist;
				LD_RUNPATH_SEARCH_PATHS = (
					"$(inherited)",
					"@executable_path/Frameworks",
				);
				PRODUCT_BUNDLE_IDENTIFIER = idreamdev.SampleApp;
				PRODUCT_NAME = "$(TARGET_NAME)";
				SWIFT_VERSION = 5.0;
				TARGETED_DEVICE_FAMILY = "1,2";
			};
			name = Release;
		};
		D69C428D24DAAD0A008C961F /* Debug */ = {
			isa = XCBuildConfiguration;
			buildSettings = {
				ALWAYS_EMBED_SWIFT_STANDARD_LIBRARIES = YES;
				BUNDLE_LOADER = "$(TEST_HOST)";
				CODE_SIGN_STYLE = Automatic;
				INFOPLIST_FILE = SampleAppTests/Info.plist;
				IPHONEOS_DEPLOYMENT_TARGET = 13.6;
				LD_RUNPATH_SEARCH_PATHS = (
					"$(inherited)",
					"@executable_path/Frameworks",
					"@loader_path/Frameworks",
				);
				PRODUCT_BUNDLE_IDENTIFIER = idreamdev.SampleAppTests;
				PRODUCT_NAME = "$(TARGET_NAME)";
				SWIFT_VERSION = 5.0;
				TARGETED_DEVICE_FAMILY = "1,2";
				TEST_HOST = "$(BUILT_PRODUCTS_DIR)/SampleApp.app/SampleApp";
			};
			name = Debug;
		};
		D69C428E24DAAD0A008C961F /* Release */ = {
			isa = XCBuildConfiguration;
			buildSettings = {
				ALWAYS_EMBED_SWIFT_STANDARD_LIBRARIES = YES;
				BUNDLE_LOADER = "$(TEST_HOST)";
				CODE_SIGN_STYLE = Automatic;
				INFOPLIST_FILE = SampleAppTests/Info.plist;
				IPHONEOS_DEPLOYMENT_TARGET = 13.6;
				LD_RUNPATH_SEARCH_PATHS = (
					"$(inherited)",
					"@executable_path/Frameworks",
					"@loader_path/Frameworks",
				);
				PRODUCT_BUNDLE_IDENTIFIER = idreamdev.SampleAppTests;
				PRODUCT_NAME = "$(TARGET_NAME)";
				SWIFT_VERSION = 5.0;
				TARGETED_DEVICE_FAMILY = "1,2";
				TEST_HOST = "$(BUILT_PRODUCTS_DIR)/SampleApp.app/SampleApp";
			};
			name = Release;
		};
/* End XCBuildConfiguration section */

/* Begin XCConfigurationList section */
		D69C426524DAAD09008C961F /* Build configuration list for PBXProject "SampleApp" */ = {
			isa = XCConfigurationList;
			buildConfigurations = (
				D69C428724DAAD0A008C961F /* Debug */,
				D69C428824DAAD0A008C961F /* Release */,
			);
			defaultConfigurationIsVisible = 0;
			defaultConfigurationName = Release;
		};
		D69C428924DAAD0A008C961F /* Build configuration list for PBXNativeTarget "SampleApp" */ = {
			isa = XCConfigurationList;
			buildConfigurations = (
				D69C428A24DAAD0A008C961F /* Debug */,
				D69C428B24DAAD0A008C961F /* Release */,
			);
			defaultConfigurationIsVisible = 0;
			defaultConfigurationName = Release;
		};
		D69C428C24DAAD0A008C961F /* Build configuration list for PBXNativeTarget "SampleAppTests" */ = {
			isa = XCConfigurationList;
			buildConfigurations = (
				D69C428D24DAAD0A008C961F /* Debug */,
				D69C428E24DAAD0A008C961F /* Release */,
			);
			defaultConfigurationIsVisible = 0;
			defaultConfigurationName = Release;
		};
/* End XCConfigurationList section */
	};
	rootObject = D69C426224DAAD09008C961F /* Project object */;
}
